{
    "version": 3,
    "terraform_version": "0.11.10",
    "serial": 4,
    "lineage": "f02bbe16-03f3-191f-f9bb-327291b828fe",
    "modules": [
        {
            "path": [
                "root"
            ],
            "outputs": {},
            "resources": {
                "azurerm_network_interface.myterraformnic": {
                    "type": "azurerm_network_interface",
                    "depends_on": [
                        "azurerm_network_security_group.myterraformnsg",
                        "azurerm_public_ip.myterraformpublicip",
                        "azurerm_resource_group.myterraformgroup",
                        "azurerm_subnet.myterraformsubnet"
                    ],
                    "primary": {
                        "id": "/subscriptions/6f699576-2a8e-4add-abb6-09341fb6da70/resourceGroups/Sandbox/providers/Microsoft.Network/networkInterfaces/SandboxNIC",
                        "attributes": {
                            "applied_dns_servers.#": "0",
                            "dns_servers.#": "0",
                            "enable_accelerated_networking": "false",
                            "enable_ip_forwarding": "false",
                            "id": "/subscriptions/6f699576-2a8e-4add-abb6-09341fb6da70/resourceGroups/Sandbox/providers/Microsoft.Network/networkInterfaces/SandboxNIC",
                            "internal_dns_name_label": "",
                            "internal_fqdn": "",
                            "ip_configuration.#": "1",
                            "ip_configuration.0.application_gateway_backend_address_pools_ids.#": "0",
                            "ip_configuration.0.application_security_group_ids.#": "0",
                            "ip_configuration.0.load_balancer_backend_address_pools_ids.#": "0",
                            "ip_configuration.0.load_balancer_inbound_nat_rules_ids.#": "0",
                            "ip_configuration.0.name": "SandboxNicConfiguration",
                            "ip_configuration.0.primary": "true",
                            "ip_configuration.0.private_ip_address": "",
                            "ip_configuration.0.private_ip_address_allocation": "dynamic",
                            "ip_configuration.0.public_ip_address_id": "/subscriptions/6f699576-2a8e-4add-abb6-09341fb6da70/resourceGroups/Sandbox/providers/Microsoft.Network/publicIPAddresses/SandboxPublicIP",
                            "ip_configuration.0.subnet_id": "/subscriptions/6f699576-2a8e-4add-abb6-09341fb6da70/resourceGroups/Sandbox/providers/Microsoft.Network/virtualNetworks/SandboxVnet/subnets/mySubnet",
                            "location": "eastus",
                            "mac_address": "",
                            "name": "SandboxNIC",
                            "network_security_group_id": "/subscriptions/6f699576-2a8e-4add-abb6-09341fb6da70/resourceGroups/Sandbox/providers/Microsoft.Network/networkSecurityGroups/SandboxNetworkSecurityGroup",
                            "private_ip_address": "10.0.2.4",
                            "private_ip_addresses.#": "1",
                            "private_ip_addresses.0": "10.0.2.4",
                            "resource_group_name": "Sandbox",
                            "tags.%": "1",
                            "tags.environment": "Terraform Demo"
                        },
                        "meta": {},
                        "tainted": false
                    },
                    "deposed": [],
                    "provider": "provider.azurerm"
                },
                "azurerm_network_security_group.myterraformnsg": {
                    "type": "azurerm_network_security_group",
                    "depends_on": [
                        "azurerm_resource_group.myterraformgroup"
                    ],
                    "primary": {
                        "id": "/subscriptions/6f699576-2a8e-4add-abb6-09341fb6da70/resourceGroups/Sandbox/providers/Microsoft.Network/networkSecurityGroups/SandboxNetworkSecurityGroup",
                        "attributes": {
                            "id": "/subscriptions/6f699576-2a8e-4add-abb6-09341fb6da70/resourceGroups/Sandbox/providers/Microsoft.Network/networkSecurityGroups/SandboxNetworkSecurityGroup",
                            "location": "eastus",
                            "name": "SandboxNetworkSecurityGroup",
                            "resource_group_name": "Sandbox",
                            "security_rule.#": "1",
                            "security_rule.2090309246.access": "Allow",
                            "security_rule.2090309246.description": "",
                            "security_rule.2090309246.destination_address_prefix": "*",
                            "security_rule.2090309246.destination_address_prefixes.#": "0",
                            "security_rule.2090309246.destination_application_security_group_ids.#": "0",
                            "security_rule.2090309246.destination_port_range": "22",
                            "security_rule.2090309246.destination_port_ranges.#": "0",
                            "security_rule.2090309246.direction": "Inbound",
                            "security_rule.2090309246.name": "SSH",
                            "security_rule.2090309246.priority": "1001",
                            "security_rule.2090309246.protocol": "Tcp",
                            "security_rule.2090309246.source_address_prefix": "*",
                            "security_rule.2090309246.source_address_prefixes.#": "0",
                            "security_rule.2090309246.source_application_security_group_ids.#": "0",
                            "security_rule.2090309246.source_port_range": "*",
                            "security_rule.2090309246.source_port_ranges.#": "0",
                            "tags.%": "1",
                            "tags.env": "Terraform Demo"
                        },
                        "meta": {},
                        "tainted": false
                    },
                    "deposed": [],
                    "provider": "provider.azurerm"
                },
                "azurerm_public_ip.myterraformpublicip": {
                    "type": "azurerm_public_ip",
                    "depends_on": [
                        "azurerm_resource_group.myterraformgroup"
                    ],
                    "primary": {
                        "id": "/subscriptions/6f699576-2a8e-4add-abb6-09341fb6da70/resourceGroups/Sandbox/providers/Microsoft.Network/publicIPAddresses/SandboxPublicIP",
                        "attributes": {
                            "id": "/subscriptions/6f699576-2a8e-4add-abb6-09341fb6da70/resourceGroups/Sandbox/providers/Microsoft.Network/publicIPAddresses/SandboxPublicIP",
                            "idle_timeout_in_minutes": "4",
                            "ip_address": "",
                            "ip_version": "ipv4",
                            "location": "eastus",
                            "name": "SandboxPublicIP",
                            "public_ip_address_allocation": "dynamic",
                            "resource_group_name": "Sandbox",
                            "sku": "Basic",
                            "tags.%": "1",
                            "tags.env": "Terraform Demo",
                            "zones.#": "0"
                        },
                        "meta": {},
                        "tainted": false
                    },
                    "deposed": [],
                    "provider": "provider.azurerm"
                },
                "azurerm_resource_group.myterraformgroup": {
                    "type": "azurerm_resource_group",
                    "depends_on": [],
                    "primary": {
                        "id": "/subscriptions/6f699576-2a8e-4add-abb6-09341fb6da70/resourceGroups/Sandbox",
                        "attributes": {
                            "id": "/subscriptions/6f699576-2a8e-4add-abb6-09341fb6da70/resourceGroups/Sandbox",
                            "location": "eastus",
                            "name": "Sandbox",
                            "tags.%": "1",
                            "tags.env": "Terraform Demo"
                        },
                        "meta": {},
                        "tainted": false
                    },
                    "deposed": [],
                    "provider": "provider.azurerm"
                },
                "azurerm_storage_account.sandboxstroageaccount": {
                    "type": "azurerm_storage_account",
                    "depends_on": [
                        "azurerm_resource_group.myterraformgroup",
                        "random_id.randomId"
                    ],
                    "primary": {
                        "id": "/subscriptions/6f699576-2a8e-4add-abb6-09341fb6da70/resourceGroups/Sandbox/providers/Microsoft.Storage/storageAccounts/diagb388f6a6ab05603d",
                        "attributes": {
                            "access_tier": "",
                            "account_encryption_source": "Microsoft.Storage",
                            "account_kind": "Storage",
                            "account_replication_type": "LRS",
                            "account_tier": "Standard",
                            "account_type": "Standard_LRS",
                            "enable_blob_encryption": "true",
                            "enable_file_encryption": "true",
                            "enable_https_traffic_only": "false",
                            "id": "/subscriptions/6f699576-2a8e-4add-abb6-09341fb6da70/resourceGroups/Sandbox/providers/Microsoft.Storage/storageAccounts/diagb388f6a6ab05603d",
                            "identity.#": "0",
                            "location": "eastus",
                            "name": "diagb388f6a6ab05603d",
                            "network_rules.#": "0",
                            "primary_access_key": "8pVsTT0COXEz//3n3hVqJ6HkqeIOowYeRUTY1rdW7bmY0MFJQZMZugeWqgjYRb47+U0RHpSza8DpQ2SZUDTB+Q==",
                            "primary_blob_connection_string": "DefaultEndpointsProtocol=https;BlobEndpoint=https://diagb388f6a6ab05603d.blob.core.windows.net/;AccountName=diagb388f6a6ab05603d;AccountKey=8pVsTT0COXEz//3n3hVqJ6HkqeIOowYeRUTY1rdW7bmY0MFJQZMZugeWqgjYRb47+U0RHpSza8DpQ2SZUDTB+Q==",
                            "primary_blob_endpoint": "https://diagb388f6a6ab05603d.blob.core.windows.net/",
                            "primary_connection_string": "DefaultEndpointsProtocol=https;AccountName=diagb388f6a6ab05603d;AccountKey=8pVsTT0COXEz//3n3hVqJ6HkqeIOowYeRUTY1rdW7bmY0MFJQZMZugeWqgjYRb47+U0RHpSza8DpQ2SZUDTB+Q==;EndpointSuffix=core.windows.net",
                            "primary_file_endpoint": "https://diagb388f6a6ab05603d.file.core.windows.net/",
                            "primary_location": "eastus",
                            "primary_queue_endpoint": "https://diagb388f6a6ab05603d.queue.core.windows.net/",
                            "primary_table_endpoint": "https://diagb388f6a6ab05603d.table.core.windows.net/",
                            "resource_group_name": "Sandbox",
                            "secondary_access_key": "3fuoxsa28Y4WzjBMT9LNwuo6/zUOE6r4ZlLvblHi9/HqCrh6D3a5qaXBA1Ir1JxkAN8eD0NJk+TyMFZzLAharw==",
                            "secondary_connection_string": "DefaultEndpointsProtocol=https;AccountName=diagb388f6a6ab05603d;AccountKey=3fuoxsa28Y4WzjBMT9LNwuo6/zUOE6r4ZlLvblHi9/HqCrh6D3a5qaXBA1Ir1JxkAN8eD0NJk+TyMFZzLAharw==;EndpointSuffix=core.windows.net",
                            "secondary_location": "",
                            "tags.%": "0"
                        },
                        "meta": {
                            "schema_version": "2"
                        },
                        "tainted": false
                    },
                    "deposed": [],
                    "provider": "provider.azurerm"
                },
                "azurerm_subnet.myterraformsubnet": {
                    "type": "azurerm_subnet",
                    "depends_on": [
                        "azurerm_resource_group.myterraformgroup",
                        "azurerm_virtual_network.myterraformnetwork"
                    ],
                    "primary": {
                        "id": "/subscriptions/6f699576-2a8e-4add-abb6-09341fb6da70/resourceGroups/Sandbox/providers/Microsoft.Network/virtualNetworks/SandboxVnet/subnets/mySubnet",
                        "attributes": {
                            "address_prefix": "10.0.2.0/24",
                            "id": "/subscriptions/6f699576-2a8e-4add-abb6-09341fb6da70/resourceGroups/Sandbox/providers/Microsoft.Network/virtualNetworks/SandboxVnet/subnets/mySubnet",
                            "ip_configurations.#": "1",
                            "ip_configurations.3857063965": "/subscriptions/6f699576-2a8e-4add-abb6-09341fb6da70/resourceGroups/Sandbox/providers/Microsoft.Network/networkInterfaces/SandboxNIC/ipConfigurations/SandboxNicConfiguration",
                            "name": "mySubnet",
                            "resource_group_name": "Sandbox",
                            "route_table_id": "",
                            "service_endpoints.#": "0",
                            "virtual_network_name": "SandboxVnet"
                        },
                        "meta": {},
                        "tainted": false
                    },
                    "deposed": [],
                    "provider": "provider.azurerm"
                },
                "azurerm_virtual_machine.SandboxTerraformVM": {
                    "type": "azurerm_virtual_machine",
                    "depends_on": [
                        "azurerm_network_interface.myterraformnic",
                        "azurerm_resource_group.myterraformgroup",
                        "azurerm_storage_account.sandboxstroageaccount"
                    ],
                    "primary": {
                        "id": "/subscriptions/6f699576-2a8e-4add-abb6-09341fb6da70/resourceGroups/Sandbox/providers/Microsoft.Compute/virtualMachines/SandboxVM",
                        "attributes": {
                            "boot_diagnostics.#": "1",
                            "boot_diagnostics.0.enabled": "true",
                            "boot_diagnostics.0.storage_uri": "https://diagb388f6a6ab05603d.blob.core.windows.net/",
                            "delete_data_disks_on_termination": "false",
                            "delete_os_disk_on_termination": "false",
                            "id": "/subscriptions/6f699576-2a8e-4add-abb6-09341fb6da70/resourceGroups/Sandbox/providers/Microsoft.Compute/virtualMachines/SandboxVM",
                            "identity.#": "0",
                            "location": "eastus",
                            "name": "SandboxVM",
                            "network_interface_ids.#": "1",
                            "network_interface_ids.0": "/subscriptions/6f699576-2a8e-4add-abb6-09341fb6da70/resourceGroups/Sandbox/providers/Microsoft.Network/networkInterfaces/SandboxNIC",
                            "os_profile.#": "1",
                            "os_profile.3285643402.admin_password": "",
                            "os_profile.3285643402.admin_username": "sandboxadmin",
                            "os_profile.3285643402.computer_name": "sandbox-dev",
                            "os_profile.3285643402.custom_data": "",
                            "os_profile_linux_config.#": "1",
                            "os_profile_linux_config.2972667452.disable_password_authentication": "false",
                            "os_profile_linux_config.2972667452.ssh_keys.#": "0",
                            "os_profile_secrets.#": "0",
                            "resource_group_name": "Sandbox",
                            "storage_data_disk.#": "0",
                            "storage_image_reference.#": "1",
                            "storage_image_reference.363552096.id": "",
                            "storage_image_reference.363552096.offer": "UbuntuServer",
                            "storage_image_reference.363552096.publisher": "Canonical",
                            "storage_image_reference.363552096.sku": "16.04.0-LTS",
                            "storage_image_reference.363552096.version": "latest",
                            "storage_os_disk.#": "1",
                            "storage_os_disk.0.caching": "ReadWrite",
                            "storage_os_disk.0.create_option": "FromImage",
                            "storage_os_disk.0.disk_size_gb": "30",
                            "storage_os_disk.0.image_uri": "",
                            "storage_os_disk.0.managed_disk_id": "/subscriptions/6f699576-2a8e-4add-abb6-09341fb6da70/resourceGroups/Sandbox/providers/Microsoft.Compute/disks/SandboxOSDisk",
                            "storage_os_disk.0.managed_disk_type": "Premium_LRS",
                            "storage_os_disk.0.name": "SandboxOSDisk",
                            "storage_os_disk.0.os_type": "Linux",
                            "storage_os_disk.0.vhd_uri": "",
                            "storage_os_disk.0.write_accelerator_enabled": "false",
                            "tags.%": "0",
                            "vm_size": "Standard_DS1_v2",
                            "zones.#": "0"
                        },
                        "meta": {},
                        "tainted": false
                    },
                    "deposed": [],
                    "provider": "provider.azurerm"
                },
                "azurerm_virtual_network.myterraformnetwork": {
                    "type": "azurerm_virtual_network",
                    "depends_on": [
                        "azurerm_resource_group.myterraformgroup"
                    ],
                    "primary": {
                        "id": "/subscriptions/6f699576-2a8e-4add-abb6-09341fb6da70/resourceGroups/Sandbox/providers/Microsoft.Network/virtualNetworks/SandboxVnet",
                        "attributes": {
                            "address_space.#": "1",
                            "address_space.0": "10.0.0.0/16",
                            "dns_servers.#": "0",
                            "id": "/subscriptions/6f699576-2a8e-4add-abb6-09341fb6da70/resourceGroups/Sandbox/providers/Microsoft.Network/virtualNetworks/SandboxVnet",
                            "location": "eastus",
                            "name": "SandboxVnet",
                            "resource_group_name": "Sandbox",
                            "subnet.#": "1",
                            "subnet.2077117380.address_prefix": "10.0.2.0/24",
                            "subnet.2077117380.id": "/subscriptions/6f699576-2a8e-4add-abb6-09341fb6da70/resourceGroups/Sandbox/providers/Microsoft.Network/virtualNetworks/SandboxVnet/subnets/mySubnet",
                            "subnet.2077117380.name": "mySubnet",
                            "subnet.2077117380.security_group": "",
                            "tags.%": "1",
                            "tags.env": "Terraform Demo"
                        },
                        "meta": {},
                        "tainted": false
                    },
                    "deposed": [],
                    "provider": "provider.azurerm"
                },
                "random_id.randomId": {
                    "type": "random_id",
                    "depends_on": [
                        "azurerm_resource_group.myterraformgroup"
                    ],
                    "primary": {
                        "id": "s4j2pqsFYD0",
                        "attributes": {
                            "b64": "s4j2pqsFYD0",
                            "b64_std": "s4j2pqsFYD0=",
                            "b64_url": "s4j2pqsFYD0",
                            "byte_length": "8",
                            "dec": "12936861125316010045",
                            "hex": "b388f6a6ab05603d",
                            "id": "s4j2pqsFYD0",
                            "keepers.%": "1",
                            "keepers.resource_group_name": "Sandbox"
                        },
                        "meta": {},
                        "tainted": false
                    },
                    "deposed": [],
                    "provider": "provider.random"
                }
            },
            "depends_on": []
        }
    ]
}
